
Microsoft Visual Studio Solution File, Format Version 12.00
# Visual Studio Version 17
VisualStudioVersion = 17.6.33829.357
MinimumVisualStudioVersion = 10.0.40219.1
Project("{FAE04EC0-301F-11D3-BF4B-00C04F79EFBC}") = "FinancialAid", "FinancialAid.csproj", "{997F961F-F26D-4421-A754-0F1E0E5F07C1}"
EndProject
Global
	GlobalSection(SolutionConfigurationPlatforms) = preSolution
		Debug|Any CPU = Debug|Any CPU
		Release|Any CPU = Release|Any CPU
	EndGlobalSection
	GlobalSection(ProjectConfigurationPlatforms) = postSolution
		{997F961F-F26D-4421-A754-0F1E0E5F07C1}.Debug|Any CPU.ActiveCfg = Debug|Any CPU
		{997F961F-F26D-4421-A754-0F1E0E5F07C1}.Debug|Any CPU.Build.0 = Debug|Any CPU
		{997F961F-F26D-4421-A754-0F1E0E5F07C1}.Release|Any CPU.ActiveCfg = Release|Any CPU
		{997F961F-F26D-4421-A754-0F1E0E5F07C1}.Release|Any CPU.Build.0 = Release|Any CPU
	EndGlobalSection
	GlobalSection(SolutionProperties) = preSolution
		HideSolutionNode = FALSE
	EndGlobalSection
	GlobalSection(ExtensibilityGlobals) = postSolution
		SolutionGuid = {2DCCFA97-99AA-4FAE-BE24-84239CA0008A}
	EndGlobalSection
EndGlobal
